
Microsoft Visual Studio Solution File, Format Version 11.00
# Visual Studio 2010
Project("{FAE04EC0-301F-11D3-BF4B-00C04F79EFBC}") = "Configuration", "src\Class Libraries\Configuration\Configuration.csproj", "{0069A77A-0500-413A-8253-35018ED877DD}"
EndProject
Project("{FAE04EC0-301F-11D3-BF4B-00C04F79EFBC}") = "Configuration.Facts", "src\Class Libraries\Configuration.Facts\Configuration.Facts.csproj", "{ED57D96C-E503-48FB-856B-7599B2F75850}"
EndProject
Global
	GlobalSection(SolutionConfigurationPlatforms) = preSolution
		Debug|Any CPU = Debug|Any CPU
		Release|Any CPU = Release|Any CPU
	EndGlobalSection
	GlobalSection(ProjectConfigurationPlatforms) = postSolution
		{0069A77A-0500-413A-8253-35018ED877DD}.Debug|Any CPU.ActiveCfg = Debug|Any CPU
		{0069A77A-0500-413A-8253-35018ED877DD}.Debug|Any CPU.Build.0 = Debug|Any CPU
		{0069A77A-0500-413A-8253-35018ED877DD}.Release|Any CPU.ActiveCfg = Release|Any CPU
		{0069A77A-0500-413A-8253-35018ED877DD}.Release|Any CPU.Build.0 = Release|Any CPU
		{ED57D96C-E503-48FB-856B-7599B2F75850}.Debug|Any CPU.ActiveCfg = Debug|Any CPU
		{ED57D96C-E503-48FB-856B-7599B2F75850}.Debug|Any CPU.Build.0 = Debug|Any CPU
		{ED57D96C-E503-48FB-856B-7599B2F75850}.Release|Any CPU.ActiveCfg = Release|Any CPU
		{ED57D96C-E503-48FB-856B-7599B2F75850}.Release|Any CPU.Build.0 = Release|Any CPU
	EndGlobalSection
	GlobalSection(SolutionProperties) = preSolution
		HideSolutionNode = FALSE
	EndGlobalSection
EndGlobal
